
Microsoft Visual Studio Solution File, Format Version 12.00
# Visual Studio Version 17
VisualStudioVersion = 17.5.33627.172
MinimumVisualStudioVersion = 10.0.40219.1
Project("{FAE04EC0-301F-11D3-BF4B-00C04F79EFBC}") = "projeto-microfundamento", "projeto-microfundamento\projeto-microfundamento.csproj", "{7B7A82B8-F951-4093-98D0-419EC65740CC}"
EndProject
Global
	GlobalSection(SolutionConfigurationPlatforms) = preSolution
		Debug|Any CPU = Debug|Any CPU
		Release|Any CPU = Release|Any CPU
	EndGlobalSection
	GlobalSection(ProjectConfigurationPlatforms) = postSolution
		{7B7A82B8-F951-4093-98D0-419EC65740CC}.Debug|Any CPU.ActiveCfg = Debug|Any CPU
		{7B7A82B8-F951-4093-98D0-419EC65740CC}.Debug|Any CPU.Build.0 = Debug|Any CPU
		{7B7A82B8-F951-4093-98D0-419EC65740CC}.Release|Any CPU.ActiveCfg = Release|Any CPU
		{7B7A82B8-F951-4093-98D0-419EC65740CC}.Release|Any CPU.Build.0 = Release|Any CPU
	EndGlobalSection
	GlobalSection(SolutionProperties) = preSolution
		HideSolutionNode = FALSE
	EndGlobalSection
	GlobalSection(ExtensibilityGlobals) = postSolution
		SolutionGuid = {9203C10C-42B8-4040-9B06-821C991DF6D0}
	EndGlobalSection
EndGlobal
