
Microsoft Visual Studio Solution File, Format Version 12.00
# Visual Studio Version 17
VisualStudioVersion = 17.5.002.0
MinimumVisualStudioVersion = 10.0.40219.1
Project("{9A19103F-16F7-4668-BE54-9A1E7A4F7556}") = "todoz.api", "todoz.api\todoz.api.csproj", "{20DBBDB0-50ED-44CD-AA9B-56A3D1790A31}"
EndProject
Global
	GlobalSection(SolutionConfigurationPlatforms) = preSolution
		Debug|Any CPU = Debug|Any CPU
		Release|Any CPU = Release|Any CPU
	EndGlobalSection
	GlobalSection(ProjectConfigurationPlatforms) = postSolution
		{20DBBDB0-50ED-44CD-AA9B-56A3D1790A31}.Debug|Any CPU.ActiveCfg = Debug|Any CPU
		{20DBBDB0-50ED-44CD-AA9B-56A3D1790A31}.Debug|Any CPU.Build.0 = Debug|Any CPU
		{20DBBDB0-50ED-44CD-AA9B-56A3D1790A31}.Release|Any CPU.ActiveCfg = Release|Any CPU
		{20DBBDB0-50ED-44CD-AA9B-56A3D1790A31}.Release|Any CPU.Build.0 = Release|Any CPU
	EndGlobalSection
	GlobalSection(SolutionProperties) = preSolution
		HideSolutionNode = FALSE
	EndGlobalSection
	GlobalSection(ExtensibilityGlobals) = postSolution
		SolutionGuid = {A888BEC8-DE67-44A8-9E7B-2E842C5485FF}
	EndGlobalSection
EndGlobal
